
Microsoft Visual Studio Solution File, Format Version 12.00
# Visual Studio 15
VisualStudioVersion = 15.0.28307.902
MinimumVisualStudioVersion = 10.0.40219.1
Project("{FAE04EC0-301F-11D3-BF4B-00C04F79EFBC}") = "Scheduler", "Scheduler\Scheduler.csproj", "{9426318E-AF2D-4013-8B55-4C224FF187C3}"
EndProject
Project("{FAE04EC0-301F-11D3-BF4B-00C04F79EFBC}") = "SchedulerDb", "SchedulerDb\SchedulerDb.csproj", "{A2C76255-B7EB-4749-BB3F-D7B9F77BDC46}"
EndProject
Global
	GlobalSection(SolutionConfigurationPlatforms) = preSolution
		Debug|Any CPU = Debug|Any CPU
		Release|Any CPU = Release|Any CPU
	EndGlobalSection
	GlobalSection(ProjectConfigurationPlatforms) = postSolution
		{9426318E-AF2D-4013-8B55-4C224FF187C3}.Debug|Any CPU.ActiveCfg = Debug|Any CPU
		{9426318E-AF2D-4013-8B55-4C224FF187C3}.Debug|Any CPU.Build.0 = Debug|Any CPU
		{9426318E-AF2D-4013-8B55-4C224FF187C3}.Release|Any CPU.ActiveCfg = Release|Any CPU
		{9426318E-AF2D-4013-8B55-4C224FF187C3}.Release|Any CPU.Build.0 = Release|Any CPU
		{A2C76255-B7EB-4749-BB3F-D7B9F77BDC46}.Debug|Any CPU.ActiveCfg = Debug|Any CPU
		{A2C76255-B7EB-4749-BB3F-D7B9F77BDC46}.Debug|Any CPU.Build.0 = Debug|Any CPU
		{A2C76255-B7EB-4749-BB3F-D7B9F77BDC46}.Release|Any CPU.ActiveCfg = Release|Any CPU
		{A2C76255-B7EB-4749-BB3F-D7B9F77BDC46}.Release|Any CPU.Build.0 = Release|Any CPU
	EndGlobalSection
	GlobalSection(SolutionProperties) = preSolution
		HideSolutionNode = FALSE
	EndGlobalSection
	GlobalSection(ExtensibilityGlobals) = postSolution
		SolutionGuid = {5BA807A8-0421-4368-AF89-F420A37C4DCF}
	EndGlobalSection
EndGlobal
